
Microsoft Visual Studio Solution File, Format Version 12.00
# Visual Studio 15
VisualStudioVersion = 15.0.27428.1
MinimumVisualStudioVersion = 10.0.40219.1
Project("{FAE04EC0-301F-11D3-BF4B-00C04F79EFBC}") = "GmsIniTools", "GmsIniTools\GmsIniTools.csproj", "{9FE174BC-4E9D-4C36-ABC6-1B77726C2EAE}"
EndProject
Global
	GlobalSection(SolutionConfigurationPlatforms) = preSolution
		Debug|Any CPU = Debug|Any CPU
		Release|Any CPU = Release|Any CPU
	EndGlobalSection
	GlobalSection(ProjectConfigurationPlatforms) = postSolution
		{9FE174BC-4E9D-4C36-ABC6-1B77726C2EAE}.Debug|Any CPU.ActiveCfg = Debug|Any CPU
		{9FE174BC-4E9D-4C36-ABC6-1B77726C2EAE}.Debug|Any CPU.Build.0 = Debug|Any CPU
		{9FE174BC-4E9D-4C36-ABC6-1B77726C2EAE}.Release|Any CPU.ActiveCfg = Release|Any CPU
		{9FE174BC-4E9D-4C36-ABC6-1B77726C2EAE}.Release|Any CPU.Build.0 = Release|Any CPU
	EndGlobalSection
	GlobalSection(SolutionProperties) = preSolution
		HideSolutionNode = FALSE
	EndGlobalSection
	GlobalSection(ExtensibilityGlobals) = postSolution
		SolutionGuid = {5786D2E8-E43B-487F-8AEF-C3D376CB56E2}
	EndGlobalSection
EndGlobal
